{
  "name": "react-simple-loader",
  "version": "1.0.0",
  "lockfileVersion": 1,
  "requires": true,
  "dependencies": {
    "free-style": {
      "version": "2.5.1",
      "resolved": "https://registry.npmjs.org/free-style/-/free-style-2.5.1.tgz",
      "integrity": "sha512-X7dtUSTrlS1KRQBtiQ618NWIRDdRgD91IeajKCSh0fgTqArSixv+n3ea6F/OSvrvg14tPLR+yCq2s+O602+pRw=="
    },
    "typestyle": {
      "version": "1.6.0",
      "resolved": "https://registry.npmjs.org/typestyle/-/typestyle-1.6.0.tgz",
      "integrity": "sha512-AopeG4S5jIXbuFEA9MRBi23SRZZtqfSFOWGkf9pb9WVoW2cmVxTLxb6FGmDi66QnrNS2GEtKNFroGWVPCfDa6g==",
      "requires": {
        "free-style": "2.5.1"
      }
    }
  }
}
